NeoBundleLock ag.vim f05f31352689be245611c893b37652110f27a2c5
<<<<<<< HEAD
NeoBundleLock alpaca_powertabline c9add3898f29cbbad8f57108ef73baab8fd6e21d
NeoBundleLock neobundle.vim dab02f0513dc7f8832cb7c191d43b84982ef34cb
NeoBundleLock neocomplcache d83bcbd0b142eb8de9d669ead26914cd7322a51c
=======
NeoBundleLock neobundle.vim 484c7730cace41d46616e840ba6247886a87c9aa
NeoBundleLock neocomplcache ffb43c82494638491406cba154a767efa947a904
>>>>>>> 83c7f1aaad9f8e50357c150d53fd3890a0653714
NeoBundleLock neocomplete-rsense.vim a8b7460a41eb96aa1c9e49b231dd95e216c8dc2d
NeoBundleLock neomru.vim 24f9185ca019f3b8f4896929c6bf5148f982f344
NeoBundleLock nerdtree 3b98a7fcae8f9fff356907171f0406ff8cd28921
<<<<<<< HEAD
NeoBundleLock powerline 1fad6f4b52e4be10f448b0e539ba61734da400fd
NeoBundleLock powerline-fontpatcher 18a788b8ec1822095813b73b0582a096320ff714
NeoBundleLock tcomment_vim 2a7fa3b98d7538017f2b2068b8c2661ef884de47
NeoBundleLock unite.vim 89a685c11161afceeadc7d06516802db4d33ff77
=======
NeoBundleLock tcomment_vim 4bc4d53fa847c62a3f2780b0fdf87763d04ff91f
>>>>>>> 83c7f1aaad9f8e50357c150d53fd3890a0653714
NeoBundleLock vim-autoclose a9a3b7384657bc1f60a963fd6c08c63fc48d61c3
NeoBundleLock vim-colors-solarized 528a59f26d12278698bb946f8fb82a63711eec21
NeoBundleLock vim-endwise bba43b831ae0485cf9b86d16340a6a314b927391
NeoBundleLock vim-indent-guides 184e55848de2304cabc5c03d2afe9b8fd098c58c
NeoBundleLock vim-trailing-whitespace d4ad27de051848e544e360482bdf076b154de0c1
NeoBundleLock vimproc.vim 0f68bcd93399ecbcde3eaa4efd09107314c9bdee
